// !$*UTF8*$!
{
	archiveVersion = 1;
	classes = {
	};
	objectVersion = 48;
	objects = {

/* Begin PBXBuildFile section */
		167F33852046390B00A44783 /* 1.mp4 in Resources */ = {isa = PBXBuildFile; fileRef = 167F33842046390B00A44783 /* 1.mp4 */; };
		168D5D341FF23BCE002D6C56 /* AppDelegate.m in Sources */ = {isa = PBXBuildFile; fileRef = 168D5D331FF23BCE002D6C56 /* AppDelegate.m */; };
		168D5D371FF23BCE002D6C56 /* ViewController.m in Sources */ = {isa = PBXBuildFile; fileRef = 168D5D361FF23BCE002D6C56 /* ViewController.m */; };
		168D5D3A1FF23BCE002D6C56 /* Main.storyboard in Resources */ = {isa = PBXBuildFile; fileRef = 168D5D381FF23BCE002D6C56 /* Main.storyboard */; };
		168D5D3D1FF23BCE002D6C56 /* LSTPhotosToVideoDemo.xcdatamodeld in Sources */ = {isa = PBXBuildFile; fileRef = 168D5D3B1FF23BCE002D6C56 /* LSTPhotosToVideoDemo.xcdatamodeld */; };
		168D5D3F1FF23BCE002D6C56 /* Assets.xcassets in Resources */ = {isa = PBXBuildFile; fileRef = 168D5D3E1FF23BCE002D6C56 /* Assets.xcassets */; };
		168D5D421FF23BCE002D6C56 /* LaunchScreen.storyboard in Resources */ = {isa = PBXBuildFile; fileRef = 168D5D401FF23BCE002D6C56 /* LaunchScreen.storyboard */; };
		168D5D451FF23BCE002D6C56 /* main.m in Sources */ = {isa = PBXBuildFile; fileRef = 168D5D441FF23BCE002D6C56 /* main.m */; };
		168D5D4F1FF23BCE002D6C56 /* LSTPhotosToVideoDemoTests.m in Sources */ = {isa = PBXBuildFile; fileRef = 168D5D4E1FF23BCE002D6C56 /* LSTPhotosToVideoDemoTests.m */; };
		168D5D5A1FF23BCE002D6C56 /* LSTPhotosToVideoDemoUITests.m in Sources */ = {isa = PBXBuildFile; fileRef = 168D5D591FF23BCE002D6C56 /* LSTPhotosToVideoDemoUITests.m */; };
		168D5D691FF23D30002D6C56 /* AVFoundation.framework in Frameworks */ = {isa = PBXBuildFile; fileRef = 168D5D681FF23D30002D6C56 /* AVFoundation.framework */; };
		168D5D6B1FF23D38002D6C56 /* AVKit.framework in Frameworks */ = {isa = PBXBuildFile; fileRef = 168D5D6A1FF23D38002D6C56 /* AVKit.framework */; };
		168D5D6D1FF23D61002D6C56 /* MediaPlayer.framework in Frameworks */ = {isa = PBXBuildFile; fileRef = 168D5D6C1FF23D61002D6C56 /* MediaPlayer.framework */; };
/* End PBXBuildFile section */

/* Begin PBXContainerItemProxy section */
		168D5D4B1FF23BCE002D6C56 /* PBXContainerItemProxy */ = {
			isa = PBXContainerItemProxy;
			containerPortal = 168D5D271FF23BCE002D6C56 /* Project object */;
			proxyType = 1;
			remoteGlobalIDString = 168D5D2E1FF23BCE002D6C56;
			remoteInfo = LSTPhotosToVideoDemo;
		};
		168D5D561FF23BCE002D6C56 /* PBXContainerItemProxy */ = {
			isa = PBXContainerItemProxy;
			containerPortal = 168D5D271FF23BCE002D6C56 /* Project object */;
			proxyType = 1;
			remoteGlobalIDString = 168D5D2E1FF23BCE002D6C56;
			remoteInfo = LSTPhotosToVideoDemo;
		};
/* End PBXContainerItemProxy section */

/* Begin PBXFileReference section */
		167F33842046390B00A44783 /* 1.mp4 */ = {isa = PBXFileReference; lastKnownFileType = file; path = 1.mp4; sourceTree = "<group>"; };
		168D5D2F1FF23BCE002D6C56 /* LSTPhotosToVideoDemo.app */ = {isa = PBXFileReference; explicitFileType = wrapper.application; includeInIndex = 0; path = LSTPhotosToVideoDemo.app; sourceTree = BUILT_PRODUCTS_DIR; };
		168D5D321FF23BCE002D6C56 /* AppDelegate.h */ = {isa = PBXFileReference; lastKnownFileType = sourcecode.c.h; path = AppDelegate.h; sourceTree = "<group>"; };
		168D5D331FF23BCE002D6C56 /* AppDelegate.m */ = {isa = PBXFileReference; lastKnownFileType = sourcecode.c.objc; path = AppDelegate.m; sourceTree = "<group>"; };
		168D5D351FF23BCE002D6C56 /* ViewController.h */ = {isa = PBXFileReference; lastKnownFileType = sourcecode.c.h; path = ViewController.h; sourceTree = "<group>"; };
		168D5D361FF23BCE002D6C56 /* ViewController.m */ = {isa = PBXFileReference; lastKnownFileType = sourcecode.c.objc; path = ViewController.m; sourceTree = "<group>"; };
		168D5D391FF23BCE002D6C56 /* Base */ = {isa = PBXFileReference; lastKnownFileType = file.storyboard; name = Base; path = Base.lproj/Main.storyboard; sourceTree = "<group>"; };
		168D5D3C1FF23BCE002D6C56 /* LSTPhotosToVideoDemo.xcdatamodel */ = {isa = PBXFileReference; lastKnownFileType = wrapper.xcdatamodel; path = LSTPhotosToVideoDemo.xcdatamodel; sourceTree = "<group>"; };
		168D5D3E1FF23BCE002D6C56 /* Assets.xcassets */ = {isa = PBXFileReference; lastKnownFileType = folder.assetcatalog; path = Assets.xcassets; sourceTree = "<group>"; };
		168D5D411FF23BCE002D6C56 /* Base */ = {isa = PBXFileReference; lastKnownFileType = file.storyboard; name = Base; path = Base.lproj/LaunchScreen.storyboard; sourceTree = "<group>"; };
		168D5D431FF23BCE002D6C56 /* Info.plist */ = {isa = PBXFileReference; lastKnownFileType = text.plist.xml; path = Info.plist; sourceTree = "<group>"; };
		168D5D441FF23BCE002D6C56 /* main.m */ = {isa = PBXFileReference; lastKnownFileType = sourcecode.c.objc; path = main.m; sourceTree = "<group>"; };
		168D5D4A1FF23BCE002D6C56 /* LSTPhotosToVideoDemoTests.xctest */ = {isa = PBXFileReference; explicitFileType = wrapper.cfbundle; includeInIndex = 0; path = LSTPhotosToVideoDemoTests.xctest; sourceTree = BUILT_PRODUCTS_DIR; };
		168D5D4E1FF23BCE002D6C56 /* LSTPhotosToVideoDemoTests.m */ = {isa = PBXFileReference; lastKnownFileType = sourcecode.c.objc; path = LSTPhotosToVideoDemoTests.m; sourceTree = "<group>"; };
		168D5D501FF23BCE002D6C56 /* Info.plist */ = {isa = PBXFileReference; lastKnownFileType = text.plist.xml; path = Info.plist; sourceTree = "<group>"; };
		168D5D551FF23BCE002D6C56 /* LSTPhotosToVideoDemoUITests.xctest */ = {isa = PBXFileReference; explicitFileType = wrapper.cfbundle; includeInIndex = 0; path = LSTPhotosToVideoDemoUITests.xctest; sourceTree = BUILT_PRODUCTS_DIR; };
		168D5D591FF23BCE002D6C56 /* LSTPhotosToVideoDemoUITests.m */ = {isa = PBXFileReference; lastKnownFileType = sourcecode.c.objc; path = LSTPhotosToVideoDemoUITests.m; sourceTree = "<group>"; };
		168D5D5B1FF23BCE002D6C56 /* Info.plist */ = {isa = PBXFileReference; lastKnownFileType = text.plist.xml; path = Info.plist; sourceTree = "<group>"; };
		168D5D681FF23D30002D6C56 /* AVFoundation.framework */ = {isa = PBXFileReference; lastKnownFileType = wrapper.framework; name = AVFoundation.framework; path = System/Library/Frameworks/AVFoundation.framework; sourceTree = SDKROOT; };
		168D5D6A1FF23D38002D6C56 /* AVKit.framework */ = {isa = PBXFileReference; lastKnownFileType = wrapper.framework; name = AVKit.framework; path = System/Library/Frameworks/AVKit.framework; sourceTree = SDKROOT; };
		168D5D6C1FF23D61002D6C56 /* MediaPlayer.framework */ = {isa = PBXFileReference; lastKnownFileType = wrapper.framework; name = MediaPlayer.framework; path = System/Library/Frameworks/MediaPlayer.framework; sourceTree = SDKROOT; };
/* End PBXFileReference section */

/* Begin PBXFrameworksBuildPhase section */
		168D5D2C1FF23BCE002D6C56 /* Frameworks */ = {
			isa = PBXFrameworksBuildPhase;
			buildActionMask = 2147483647;
			files = (
				168D5D6D1FF23D61002D6C56 /* MediaPlayer.framework in Frameworks */,
				168D5D6B1FF23D38002D6C56 /* AVKit.framework in Frameworks */,
				168D5D691FF23D30002D6C56 /* AVFoundation.framework in Frameworks */,
			);
			runOnlyForDeploymentPostprocessing = 0;
		};
		168D5D471FF23BCE002D6C56 /* Frameworks */ = {
			isa = PBXFrameworksBuildPhase;
			buildActionMask = 2147483647;
			files = (
			);
			runOnlyForDeploymentPostprocessing = 0;
		};
		168D5D521FF23BCE002D6C56 /* Frameworks */ = {
			isa = PBXFrameworksBuildPhase;
			buildActionMask = 2147483647;
			files = (
			);
			runOnlyForDeploymentPostprocessing = 0;
		};
/* End PBXFrameworksBuildPhase section */

/* Begin PBXGroup section */
		168D5D261FF23BCE002D6C56 = {
			isa = PBXGroup;
			children = (
				168D5D311FF23BCE002D6C56 /* LSTPhotosToVideoDemo */,
				168D5D4D1FF23BCE002D6C56 /* LSTPhotosToVideoDemoTests */,
				168D5D581FF23BCE002D6C56 /* LSTPhotosToVideoDemoUITests */,
				168D5D301FF23BCE002D6C56 /* Products */,
				168D5D671FF23D30002D6C56 /* Frameworks */,
			);
			sourceTree = "<group>";
		};
		168D5D301FF23BCE002D6C56 /* Products */ = {
			isa = PBXGroup;
			children = (
				168D5D2F1FF23BCE002D6C56 /* LSTPhotosToVideoDemo.app */,
				168D5D4A1FF23BCE002D6C56 /* LSTPhotosToVideoDemoTests.xctest */,
				168D5D551FF23BCE002D6C56 /* LSTPhotosToVideoDemoUITests.xctest */,
			);
			name = Products;
			sourceTree = "<group>";
		};
		168D5D311FF23BCE002D6C56 /* LSTPhotosToVideoDemo */ = {
			isa = PBXGroup;
			children = (
				167F33842046390B00A44783 /* 1.mp4 */,
				168D5D321FF23BCE002D6C56 /* AppDelegate.h */,
				168D5D331FF23BCE002D6C56 /* AppDelegate.m */,
				168D5D351FF23BCE002D6C56 /* ViewController.h */,
				168D5D361FF23BCE002D6C56 /* ViewController.m */,
				168D5D381FF23BCE002D6C56 /* Main.storyboard */,
				168D5D3E1FF23BCE002D6C56 /* Assets.xcassets */,
				168D5D401FF23BCE002D6C56 /* LaunchScreen.storyboard */,
				168D5D431FF23BCE002D6C56 /* Info.plist */,
				168D5D441FF23BCE002D6C56 /* main.m */,
				168D5D3B1FF23BCE002D6C56 /* LSTPhotosToVideoDemo.xcdatamodeld */,
			);
			path = LSTPhotosToVideoDemo;
			sourceTree = "<group>";
		};
		168D5D4D1FF23BCE002D6C56 /* LSTPhotosToVideoDemoTests */ = {
			isa = PBXGroup;
			children = (
				168D5D4E1FF23BCE002D6C56 /* LSTPhotosToVideoDemoTests.m */,
				168D5D501FF23BCE002D6C56 /* Info.plist */,
			);
			path = LSTPhotosToVideoDemoTests;
			sourceTree = "<group>";
		};
		168D5D581FF23BCE002D6C56 /* LSTPhotosToVideoDemoUITests */ = {
			isa = PBXGroup;
			children = (
				168D5D591FF23BCE002D6C56 /* LSTPhotosToVideoDemoUITests.m */,
				168D5D5B1FF23BCE002D6C56 /* Info.plist */,
			);
			path = LSTPhotosToVideoDemoUITests;
			sourceTree = "<group>";
		};
		168D5D671FF23D30002D6C56 /* Frameworks */ = {
			isa = PBXGroup;
			children = (
				168D5D6C1FF23D61002D6C56 /* MediaPlayer.framework */,
				168D5D6A1FF23D38002D6C56 /* AVKit.framework */,
				168D5D681FF23D30002D6C56 /* AVFoundation.framework */,
			);
			name = Frameworks;
			sourceTree = "<group>";
		};
/* End PBXGroup section */

/* Begin PBXNativeTarget section */
		168D5D2E1FF23BCE002D6C56 /* LSTPhotosToVideoDemo */ = {
			isa = PBXNativeTarget;
			buildConfigurationList = 168D5D5E1FF23BCE002D6C56 /* Build configuration list for PBXNativeTarget "LSTPhotosToVideoDemo" */;
			buildPhases = (
				168D5D2B1FF23BCE002D6C56 /* Sources */,
				168D5D2C1FF23BCE002D6C56 /* Frameworks */,
				168D5D2D1FF23BCE002D6C56 /* Resources */,
			);
			buildRules = (
			);
			dependencies = (
			);
			name = LSTPhotosToVideoDemo;
			productName = LSTPhotosToVideoDemo;
			productReference = 168D5D2F1FF23BCE002D6C56 /* LSTPhotosToVideoDemo.app */;
			productType = "com.apple.product-type.application";
		};
		168D5D491FF23BCE002D6C56 /* LSTPhotosToVideoDemoTests */ = {
			isa = PBXNativeTarget;
			buildConfigurationList = 168D5D611FF23BCE002D6C56 /* Build configuration list for PBXNativeTarget "LSTPhotosToVideoDemoTests" */;
			buildPhases = (
				168D5D461FF23BCE002D6C56 /* Sources */,
				168D5D471FF23BCE002D6C56 /* Frameworks */,
				168D5D481FF23BCE002D6C56 /* Resources */,
			);
			buildRules = (
			);
			dependencies = (
				168D5D4C1FF23BCE002D6C56 /* PBXTargetDependency */,
			);
			name = LSTPhotosToVideoDemoTests;
			productName = LSTPhotosToVideoDemoTests;
			productReference = 168D5D4A1FF23BCE002D6C56 /* LSTPhotosToVideoDemoTests.xctest */;
			productType = "com.apple.product-type.bundle.unit-test";
		};
		168D5D541FF23BCE002D6C56 /* LSTPhotosToVideoDemoUITests */ = {
			isa = PBXNativeTarget;
			buildConfigurationList = 168D5D641FF23BCE002D6C56 /* Build configuration list for PBXNativeTarget "LSTPhotosToVideoDemoUITests" */;
			buildPhases = (
				168D5D511FF23BCE002D6C56 /* Sources */,
				168D5D521FF23BCE002D6C56 /* Frameworks */,
				168D5D531FF23BCE002D6C56 /* Resources */,
			);
			buildRules = (
			);
			dependencies = (
				168D5D571FF23BCE002D6C56 /* PBXTargetDependency */,
			);
			name = LSTPhotosToVideoDemoUITests;
			productName = LSTPhotosToVideoDemoUITests;
			productReference = 168D5D551FF23BCE002D6C56 /* LSTPhotosToVideoDemoUITests.xctest */;
			productType = "com.apple.product-type.bundle.ui-testing";
		};
/* End PBXNativeTarget section */

/* Begin PBXProject section */
		168D5D271FF23BCE002D6C56 /* Project object */ = {
			isa = PBXProject;
			attributes = {
				LastUpgradeCheck = 0920;
				ORGANIZATIONNAME = "刘士天";
				TargetAttributes = {
					168D5D2E1FF23BCE002D6C56 = {
						CreatedOnToolsVersion = 9.2;
						ProvisioningStyle = Automatic;
					};
					168D5D491FF23BCE002D6C56 = {
						CreatedOnToolsVersion = 9.2;
						ProvisioningStyle = Automatic;
						TestTargetID = 168D5D2E1FF23BCE002D6C56;
					};
					168D5D541FF23BCE002D6C56 = {
						CreatedOnToolsVersion = 9.2;
						ProvisioningStyle = Automatic;
						TestTargetID = 168D5D2E1FF23BCE002D6C56;
					};
				};
			};
			buildConfigurationList = 168D5D2A1FF23BCE002D6C56 /* Build configuration list for PBXProject "LSTPhotosToVideoDemo" */;
			compatibilityVersion = "Xcode 8.0";
			developmentRegion = en;
			hasScannedForEncodings = 0;
			knownRegions = (
				en,
				Base,
			);
			mainGroup = 168D5D261FF23BCE002D6C56;
			productRefGroup = 168D5D301FF23BCE002D6C56 /* Products */;
			projectDirPath = "";
			projectRoot = "";
			targets = (
				168D5D2E1FF23BCE002D6C56 /* LSTPhotosToVideoDemo */,
				168D5D491FF23BCE002D6C56 /* LSTPhotosToVideoDemoTests */,
				168D5D541FF23BCE002D6C56 /* LSTPhotosToVideoDemoUITests */,
			);
		};
/* End PBXProject section */

/* Begin PBXResourcesBuildPhase section */
		168D5D2D1FF23BCE002D6C56 /* Resources */ = {
			isa = PBXResourcesBuildPhase;
			buildActionMask = 2147483647;
			files = (
				167F33852046390B00A44783 /* 1.mp4 in Resources */,
				168D5D421FF23BCE002D6C56 /* LaunchScreen.storyboard in Resources */,
				168D5D3F1FF23BCE002D6C56 /* Assets.xcassets in Resources */,
				168D5D3A1FF23BCE002D6C56 /* Main.storyboard in Resources */,
			);
			runOnlyForDeploymentPostprocessing = 0;
		};
		168D5D481FF23BCE002D6C56 /* Resources */ = {
			isa = PBXResourcesBuildPhase;
			buildActionMask = 2147483647;
			files = (
			);
			runOnlyForDeploymentPostprocessing = 0;
		};
		168D5D531FF23BCE002D6C56 /* Resources */ = {
			isa = PBXResourcesBuildPhase;
			buildActionMask = 2147483647;
			files = (
			);
			runOnlyForDeploymentPostprocessing = 0;
		};
/* End PBXResourcesBuildPhase section */

/* Begin PBXSourcesBuildPhase section */
		168D5D2B1FF23BCE002D6C56 /* Sources */ = {
			isa = PBXSourcesBuildPhase;
			buildActionMask = 2147483647;
			files = (
				168D5D371FF23BCE002D6C56 /* ViewController.m in Sources */,
				168D5D341FF23BCE002D6C56 /* AppDelegate.m in Sources */,
				168D5D451FF23BCE002D6C56 /* main.m in Sources */,
				168D5D3D1FF23BCE002D6C56 /* LSTPhotosToVideoDemo.xcdatamodeld in Sources */,
			);
			runOnlyForDeploymentPostprocessing = 0;
		};
		168D5D461FF23BCE002D6C56 /* Sources */ = {
			isa = PBXSourcesBuildPhase;
			buildActionMask = 2147483647;
			files = (
				168D5D4F1FF23BCE002D6C56 /* LSTPhotosToVideoDemoTests.m in Sources */,
			);
			runOnlyForDeploymentPostprocessing = 0;
		};
		168D5D511FF23BCE002D6C56 /* Sources */ = {
			isa = PBXSourcesBuildPhase;
			buildActionMask = 2147483647;
			files = (
				168D5D5A1FF23BCE002D6C56 /* LSTPhotosToVideoDemoUITests.m in Sources */,
			);
			runOnlyForDeploymentPostprocessing = 0;
		};
/* End PBXSourcesBuildPhase section */

/* Begin PBXTargetDependency section */
		168D5D4C1FF23BCE002D6C56 /* PBXTargetDependency */ = {
			isa = PBXTargetDependency;
			target = 168D5D2E1FF23BCE002D6C56 /* LSTPhotosToVideoDemo */;
			targetProxy = 168D5D4B1FF23BCE002D6C56 /* PBXContainerItemProxy */;
		};
		168D5D571FF23BCE002D6C56 /* PBXTargetDependency */ = {
			isa = PBXTargetDependency;
			target = 168D5D2E1FF23BCE002D6C56 /* LSTPhotosToVideoDemo */;
			targetProxy = 168D5D561FF23BCE002D6C56 /* PBXContainerItemProxy */;
		};
/* End PBXTargetDependency section */

/* Begin PBXVariantGroup section */
		168D5D381FF23BCE002D6C56 /* Main.storyboard */ = {
			isa = PBXVariantGroup;
			children = (
				168D5D391FF23BCE002D6C56 /* Base */,
			);
			name = Main.storyboard;
			sourceTree = "<group>";
		};
		168D5D401FF23BCE002D6C56 /* LaunchScreen.storyboard */ = {
			isa = PBXVariantGroup;
			children = (
				168D5D411FF23BCE002D6C56 /* Base */,
			);
			name = LaunchScreen.storyboard;
			sourceTree = "<group>";
		};
/* End PBXVariantGroup section */

/* Begin XCBuildConfiguration section */
		168D5D5C1FF23BCE002D6C56 /* Debug */ = {
			isa = XCBuildConfiguration;
			buildSettings = {
				ALWAYS_SEARCH_USER_PATHS = NO;
				CLANG_ANALYZER_NONNULL = YES;
				CLANG_ANALYZER_NUMBER_OBJECT_CONVERSION = YES_AGGRESSIVE;
				CLANG_CXX_LANGUAGE_STANDARD = "gnu++14";
				CLANG_CXX_LIBRARY = "libc++";
				CLANG_ENABLE_MODULES = YES;
				CLANG_ENABLE_OBJC_ARC = YES;
				CLANG_WARN_BLOCK_CAPTURE_AUTORELEASING = YES;
				CLANG_WARN_BOOL_CONVERSION = YES;
				CLANG_WARN_COMMA = YES;
				CLANG_WARN_CONSTANT_CONVERSION = YES;
				CLANG_WARN_DIRECT_OBJC_ISA_USAGE = YES_ERROR;
				CLANG_WARN_DOCUMENTATION_COMMENTS = YES;
				CLANG_WARN_EMPTY_BODY = YES;
				CLANG_WARN_ENUM_CONVERSION = YES;
				CLANG_WARN_INFINITE_RECURSION = YES;
				CLANG_WARN_INT_CONVERSION = YES;
				CLANG_WARN_NON_LITERAL_NULL_CONVERSION = YES;
				CLANG_WARN_OBJC_LITERAL_CONVERSION = YES;
				CLANG_WARN_OBJC_ROOT_CLASS = YES_ERROR;
				CLANG_WARN_RANGE_LOOP_ANALYSIS = YES;
				CLANG_WARN_STRICT_PROTOTYPES = YES;
				CLANG_WARN_SUSPICIOUS_MOVE = YES;
				CLANG_WARN_UNGUARDED_AVAILABILITY = YES_AGGRESSIVE;
				CLANG_WARN_UNREACHABLE_CODE = YES;
				CLANG_WARN__DUPLICATE_METHOD_MATCH = YES;
				CODE_SIGN_IDENTITY = "iPhone Developer";
				COPY_PHASE_STRIP = NO;
				DEBUG_INFORMATION_FORMAT = dwarf;
				ENABLE_STRICT_OBJC_MSGSEND = YES;
				ENABLE_TESTABILITY = YES;
				GCC_C_LANGUAGE_STANDARD = gnu11;
				GCC_DYNAMIC_NO_PIC = NO;
				GCC_NO_COMMON_BLOCKS = YES;
				GCC_OPTIMIZATION_LEVEL = 0;
				GCC_PREPROCESSOR_DEFINITIONS = (
					"DEBUG=1",
					"$(inherited)",
				);
				GCC_WARN_64_TO_32_BIT_CONVERSION = YES;
				GCC_WARN_ABOUT_RETURN_TYPE = YES_ERROR;
				GCC_WARN_UNDECLARED_SELECTOR = YES;
				GCC_WARN_UNINITIALIZED_AUTOS = YES_AGGRESSIVE;
				GCC_WARN_UNUSED_FUNCTION = YES;
				GCC_WARN_UNUSED_VARIABLE = YES;
				IPHONEOS_DEPLOYMENT_TARGET = 11.2;
				MTL_ENABLE_DEBUG_INFO = YES;
				ONLY_ACTIVE_ARCH = YES;
				SDKROOT = iphoneos;
			};
			name = Debug;
		};
		168D5D5D1FF23BCE002D6C56 /* Release */ = {
			isa = XCBuildConfiguration;
			buildSettings = {
				ALWAYS_SEARCH_USER_PATHS = NO;
				CLANG_ANALYZER_NONNULL = YES;
				CLANG_ANALYZER_NUMBER_OBJECT_CONVERSION = YES_AGGRESSIVE;
				CLANG_CXX_LANGUAGE_STANDARD = "gnu++14";
				CLANG_CXX_LIBRARY = "libc++";
				CLANG_ENABLE_MODULES = YES;
				CLANG_ENABLE_OBJC_ARC = YES;
				CLANG_WARN_BLOCK_CAPTURE_AUTORELEASING = YES;
				CLANG_WARN_BOOL_CONVERSION = YES;
				CLANG_WARN_COMMA = YES;
				CLANG_WARN_CONSTANT_CONVERSION = YES;
				CLANG_WARN_DIRECT_OBJC_ISA_USAGE = YES_ERROR;
				CLANG_WARN_DOCUMENTATION_COMMENTS = YES;
				CLANG_WARN_EMPTY_BODY = YES;
				CLANG_WARN_ENUM_CONVERSION = YES;
				CLANG_WARN_INFINITE_RECURSION = YES;
				CLANG_WARN_INT_CONVERSION = YES;
				CLANG_WARN_NON_LITERAL_NULL_CONVERSION = YES;
				CLANG_WARN_OBJC_LITERAL_CONVERSION = YES;
				CLANG_WARN_OBJC_ROOT_CLASS = YES_ERROR;
				CLANG_WARN_RANGE_LOOP_ANALYSIS = YES;
				CLANG_WARN_STRICT_PROTOTYPES = YES;
				CLANG_WARN_SUSPICIOUS_MOVE = YES;
				CLANG_WARN_UNGUARDED_AVAILABILITY = YES_AGGRESSIVE;
				CLANG_WARN_UNREACHABLE_CODE = YES;
				CLANG_WARN__DUPLICATE_METHOD_MATCH = YES;
				CODE_SIGN_IDENTITY = "iPhone Developer";
				COPY_PHASE_STRIP = NO;
				DEBUG_INFORMATION_FORMAT = "dwarf-with-dsym";
				ENABLE_NS_ASSERTIONS = NO;
				ENABLE_STRICT_OBJC_MSGSEND = YES;
				GCC_C_LANGUAGE_STANDARD = gnu11;
				GCC_NO_COMMON_BLOCKS = YES;
				GCC_WARN_64_TO_32_BIT_CONVERSION = YES;
				GCC_WARN_ABOUT_RETURN_TYPE = YES_ERROR;
				GCC_WARN_UNDECLARED_SELECTOR = YES;
				GCC_WARN_UNINITIALIZED_AUTOS = YES_AGGRESSIVE;
				GCC_WARN_UNUSED_FUNCTION = YES;
				GCC_WARN_UNUSED_VARIABLE = YES;
				IPHONEOS_DEPLOYMENT_TARGET = 11.2;
				MTL_ENABLE_DEBUG_INFO = NO;
				SDKROOT = iphoneos;
				VALIDATE_PRODUCT = YES;
			};
			name = Release;
		};
		168D5D5F1FF23BCE002D6C56 /* Debug */ = {
			isa = XCBuildConfiguration;
			buildSettings = {
				ASSETCATALOG_COMPILER_APPICON_NAME = AppIcon;
				"CODE_SIGN_IDENTITY[sdk=iphoneos*]" = "iPhone Developer";
				CODE_SIGN_STYLE = Automatic;
				DEVELOPMENT_TEAM = DF398U9WQX;
				INFOPLIST_FILE = LSTPhotosToVideoDemo/Info.plist;
				IPHONEOS_DEPLOYMENT_TARGET = 8.2;
				LD_RUNPATH_SEARCH_PATHS = "$(inherited) @executable_path/Frameworks";
				PRODUCT_BUNDLE_IDENTIFIER = com.mytest.lst;
				PRODUCT_NAME = "$(TARGET_NAME)";
				PROVISIONING_PROFILE = "";
				PROVISIONING_PROFILE_SPECIFIER = "";
				TARGETED_DEVICE_FAMILY = "1,2";
			};
			name = Debug;
		};
		168D5D601FF23BCE002D6C56 /* Release */ = {
			isa = XCBuildConfiguration;
			buildSettings = {
				ASSETCATALOG_COMPILER_APPICON_NAME = AppIcon;
				"CODE_SIGN_IDENTITY[sdk=iphoneos*]" = "iPhone Developer";
				CODE_SIGN_STYLE = Automatic;
				DEVELOPMENT_TEAM = DF398U9WQX;
				INFOPLIST_FILE = LSTPhotosToVideoDemo/Info.plist;
				IPHONEOS_DEPLOYMENT_TARGET = 8.2;
				LD_RUNPATH_SEARCH_PATHS = "$(inherited) @executable_path/Frameworks";
				PRODUCT_BUNDLE_IDENTIFIER = com.mytest.lst;
				PRODUCT_NAME = "$(TARGET_NAME)";
				PROVISIONING_PROFILE = "";
				PROVISIONING_PROFILE_SPECIFIER = "";
				TARGETED_DEVICE_FAMILY = "1,2";
			};
			name = Release;
		};
		168D5D621FF23BCE002D6C56 /* Debug */ = {
			isa = XCBuildConfiguration;
			buildSettings = {
				BUNDLE_LOADER = "$(TEST_HOST)";
				CODE_SIGN_STYLE = Automatic;
				INFOPLIST_FILE = LSTPhotosToVideoDemoTests/Info.plist;
				LD_RUNPATH_SEARCH_PATHS = "$(inherited) @executable_path/Frameworks @loader_path/Frameworks";
				PRODUCT_BUNDLE_IDENTIFIER = LST.LSTPhotosToVideoDemoTests;
				PRODUCT_NAME = "$(TARGET_NAME)";
				TARGETED_DEVICE_FAMILY = "1,2";
				TEST_HOST = "$(BUILT_PRODUCTS_DIR)/LSTPhotosToVideoDemo.app/LSTPhotosToVideoDemo";
			};
			name = Debug;
		};
		168D5D631FF23BCE002D6C56 /* Release */ = {
			isa = XCBuildConfiguration;
			buildSettings = {
				BUNDLE_LOADER = "$(TEST_HOST)";
				CODE_SIGN_STYLE = Automatic;
				INFOPLIST_FILE = LSTPhotosToVideoDemoTests/Info.plist;
				LD_RUNPATH_SEARCH_PATHS = "$(inherited) @executable_path/Frameworks @loader_path/Frameworks";
				PRODUCT_BUNDLE_IDENTIFIER = LST.LSTPhotosToVideoDemoTests;
				PRODUCT_NAME = "$(TARGET_NAME)";
				TARGETED_DEVICE_FAMILY = "1,2";
				TEST_HOST = "$(BUILT_PRODUCTS_DIR)/LSTPhotosToVideoDemo.app/LSTPhotosToVideoDemo";
			};
			name = Release;
		};
		168D5D651FF23BCE002D6C56 /* Debug */ = {
			isa = XCBuildConfiguration;
			buildSettings = {
				CODE_SIGN_STYLE = Automatic;
				INFOPLIST_FILE = LSTPhotosToVideoDemoUITests/Info.plist;
				LD_RUNPATH_SEARCH_PATHS = "$(inherited) @executable_path/Frameworks @loader_path/Frameworks";
				PRODUCT_BUNDLE_IDENTIFIER = LST.LSTPhotosToVideoDemoUITests;
				PRODUCT_NAME = "$(TARGET_NAME)";
				TARGETED_DEVICE_FAMILY = "1,2";
				TEST_TARGET_NAME = LSTPhotosToVideoDemo;
			};
			name = Debug;
		};
		168D5D661FF23BCE002D6C56 /* Release */ = {
			isa = XCBuildConfiguration;
			buildSettings = {
				CODE_SIGN_STYLE = Automatic;
				INFOPLIST_FILE = LSTPhotosToVideoDemoUITests/Info.plist;
				LD_RUNPATH_SEARCH_PATHS = "$(inherited) @executable_path/Frameworks @loader_path/Frameworks";
				PRODUCT_BUNDLE_IDENTIFIER = LST.LSTPhotosToVideoDemoUITests;
				PRODUCT_NAME = "$(TARGET_NAME)";
				TARGETED_DEVICE_FAMILY = "1,2";
				TEST_TARGET_NAME = LSTPhotosToVideoDemo;
			};
			name = Release;
		};
/* End XCBuildConfiguration section */

/* Begin XCConfigurationList section */
		168D5D2A1FF23BCE002D6C56 /* Build configuration list for PBXProject "LSTPhotosToVideoDemo" */ = {
			isa = XCConfigurationList;
			buildConfigurations = (
				168D5D5C1FF23BCE002D6C56 /* Debug */,
				168D5D5D1FF23BCE002D6C56 /* Release */,
			);
			defaultConfigurationIsVisible = 0;
			defaultConfigurationName = Release;
		};
		168D5D5E1FF23BCE002D6C56 /* Build configuration list for PBXNativeTarget "LSTPhotosToVideoDemo" */ = {
			isa = XCConfigurationList;
			buildConfigurations = (
				168D5D5F1FF23BCE002D6C56 /* Debug */,
				168D5D601FF23BCE002D6C56 /* Release */,
			);
			defaultConfigurationIsVisible = 0;
			defaultConfigurationName = Release;
		};
		168D5D611FF23BCE002D6C56 /* Build configuration list for PBXNativeTarget "LSTPhotosToVideoDemoTests" */ = {
			isa = XCConfigurationList;
			buildConfigurations = (
				168D5D621FF23BCE002D6C56 /* Debug */,
				168D5D631FF23BCE002D6C56 /* Release */,
			);
			defaultConfigurationIsVisible = 0;
			defaultConfigurationName = Release;
		};
		168D5D641FF23BCE002D6C56 /* Build configuration list for PBXNativeTarget "LSTPhotosToVideoDemoUITests" */ = {
			isa = XCConfigurationList;
			buildConfigurations = (
				168D5D651FF23BCE002D6C56 /* Debug */,
				168D5D661FF23BCE002D6C56 /* Release */,
			);
			defaultConfigurationIsVisible = 0;
			defaultConfigurationName = Release;
		};
/* End XCConfigurationList section */

/* Begin XCVersionGroup section */
		168D5D3B1FF23BCE002D6C56 /* LSTPhotosToVideoDemo.xcdatamodeld */ = {
			isa = XCVersionGroup;
			children = (
				168D5D3C1FF23BCE002D6C56 /* LSTPhotosToVideoDemo.xcdatamodel */,
			);
			currentVersion = 168D5D3C1FF23BCE002D6C56 /* LSTPhotosToVideoDemo.xcdatamodel */;
			path = LSTPhotosToVideoDemo.xcdatamodeld;
			sourceTree = "<group>";
			versionGroupType = wrapper.xcdatamodel;
		};
/* End XCVersionGroup section */
	};
	rootObject = 168D5D271FF23BCE002D6C56 /* Project object */;
}
